
Microsoft Visual Studio Solution File, Format Version 12.00
# Visual Studio 2012
Project("{FAE04EC0-301F-11D3-BF4B-00C04F79EFBC}") = "KnockoutJS.Basics01", "KnockoutJS.Basics01\KnockoutJS.Basics01.csproj", "{814E54FB-4BB4-4DF4-A6E7-B8BB3F552E6E}"
EndProject
Global
	GlobalSection(SolutionConfigurationPlatforms) = preSolution
		Debug|Any CPU = Debug|Any CPU
		Release|Any CPU = Release|Any CPU
	EndGlobalSection
	GlobalSection(ProjectConfigurationPlatforms) = postSolution
		{814E54FB-4BB4-4DF4-A6E7-B8BB3F552E6E}.Debug|Any CPU.ActiveCfg = Debug|Any CPU
		{814E54FB-4BB4-4DF4-A6E7-B8BB3F552E6E}.Debug|Any CPU.Build.0 = Debug|Any CPU
		{814E54FB-4BB4-4DF4-A6E7-B8BB3F552E6E}.Release|Any CPU.ActiveCfg = Release|Any CPU
		{814E54FB-4BB4-4DF4-A6E7-B8BB3F552E6E}.Release|Any CPU.Build.0 = Release|Any CPU
	EndGlobalSection
	GlobalSection(SolutionProperties) = preSolution
		HideSolutionNode = FALSE
	EndGlobalSection
EndGlobal
