
Microsoft Visual Studio Solution File, Format Version 12.00
# Visual Studio 2012
Project("{FAE04EC0-301F-11D3-BF4B-00C04F79EFBC}") = "BackboneJS.Example01", "BackboneJS.Example01\BackboneJS.Example01.csproj", "{D7093422-70DD-40BB-87C0-737E2AE5B48B}"
EndProject
Project("{FAE04EC0-301F-11D3-BF4B-00C04F79EFBC}") = "BackboneJS.Example02", "BackboneJS.Example02\BackboneJS.Example02.csproj", "{60132CBE-3C9B-4F69-B7BF-171411205747}"
EndProject
Global
	GlobalSection(SolutionConfigurationPlatforms) = preSolution
		Debug|Any CPU = Debug|Any CPU
		Release|Any CPU = Release|Any CPU
	EndGlobalSection
	GlobalSection(ProjectConfigurationPlatforms) = postSolution
		{D7093422-70DD-40BB-87C0-737E2AE5B48B}.Debug|Any CPU.ActiveCfg = Debug|Any CPU
		{D7093422-70DD-40BB-87C0-737E2AE5B48B}.Debug|Any CPU.Build.0 = Debug|Any CPU
		{D7093422-70DD-40BB-87C0-737E2AE5B48B}.Release|Any CPU.ActiveCfg = Release|Any CPU
		{D7093422-70DD-40BB-87C0-737E2AE5B48B}.Release|Any CPU.Build.0 = Release|Any CPU
		{60132CBE-3C9B-4F69-B7BF-171411205747}.Debug|Any CPU.ActiveCfg = Debug|Any CPU
		{60132CBE-3C9B-4F69-B7BF-171411205747}.Debug|Any CPU.Build.0 = Debug|Any CPU
		{60132CBE-3C9B-4F69-B7BF-171411205747}.Release|Any CPU.ActiveCfg = Release|Any CPU
		{60132CBE-3C9B-4F69-B7BF-171411205747}.Release|Any CPU.Build.0 = Release|Any CPU
	EndGlobalSection
	GlobalSection(SolutionProperties) = preSolution
		HideSolutionNode = FALSE
	EndGlobalSection
EndGlobal
